
Microsoft Visual Studio Solution File, Format Version 12.00
# Visual Studio Version 17
VisualStudioVersion = 17.0.31912.275
MinimumVisualStudioVersion = 10.0.40219.1
Project("{FAE04EC0-301F-11D3-BF4B-00C04F79EFBC}") = "MAutoUpdate", "MAutoUpdate.csproj", "{A41F9740-A368-4F0C-91CE-ACF24D0DCA60}"
EndProject
Project("{9A19103F-16F7-4668-BE54-9A1E7A4F7556}") = "MyExt.Net2", "..\HXXLib\MyExt.Net2\MyExt.Net2.csproj", "{FBAF3C7A-A308-4463-8082-C8B3BBE75C93}"
EndProject
Project("{FAE04EC0-301F-11D3-BF4B-00C04F79EFBC}") = "MyExt.Net2Lib", "MyExt.Net2Lib\MyExt.Net2Lib.csproj", "{FFD2D047-FB4E-42F8-96BA-D595B7FA8CAD}"
EndProject
Global
	GlobalSection(SolutionConfigurationPlatforms) = preSolution
		Debug|Any CPU = Debug|Any CPU
		Release|Any CPU = Release|Any CPU
	EndGlobalSection
	GlobalSection(ProjectConfigurationPlatforms) = postSolution
		{A41F9740-A368-4F0C-91CE-ACF24D0DCA60}.Debug|Any CPU.ActiveCfg = Debug|Any CPU
		{A41F9740-A368-4F0C-91CE-ACF24D0DCA60}.Debug|Any CPU.Build.0 = Debug|Any CPU
		{A41F9740-A368-4F0C-91CE-ACF24D0DCA60}.Release|Any CPU.ActiveCfg = Release|Any CPU
		{A41F9740-A368-4F0C-91CE-ACF24D0DCA60}.Release|Any CPU.Build.0 = Release|Any CPU
		{FBAF3C7A-A308-4463-8082-C8B3BBE75C93}.Debug|Any CPU.ActiveCfg = Debug|Any CPU
		{FBAF3C7A-A308-4463-8082-C8B3BBE75C93}.Debug|Any CPU.Build.0 = Debug|Any CPU
		{FBAF3C7A-A308-4463-8082-C8B3BBE75C93}.Release|Any CPU.ActiveCfg = Release|Any CPU
		{FBAF3C7A-A308-4463-8082-C8B3BBE75C93}.Release|Any CPU.Build.0 = Release|Any CPU
		{FFD2D047-FB4E-42F8-96BA-D595B7FA8CAD}.Debug|Any CPU.ActiveCfg = Debug|Any CPU
		{FFD2D047-FB4E-42F8-96BA-D595B7FA8CAD}.Debug|Any CPU.Build.0 = Debug|Any CPU
		{FFD2D047-FB4E-42F8-96BA-D595B7FA8CAD}.Release|Any CPU.ActiveCfg = Release|Any CPU
		{FFD2D047-FB4E-42F8-96BA-D595B7FA8CAD}.Release|Any CPU.Build.0 = Release|Any CPU
	EndGlobalSection
	GlobalSection(SolutionProperties) = preSolution
		HideSolutionNode = FALSE
	EndGlobalSection
	GlobalSection(ExtensibilityGlobals) = postSolution
		SolutionGuid = {E45AAA79-DA29-4D6A-9C31-57241C7415D8}
	EndGlobalSection
EndGlobal
